{
	"requires": true,
	"lockfileVersion": 1,
	"dependencies": {
		"ramda": {
			"version": "0.22.1",
			"resolved": "https://registry.npmjs.org/ramda/-/ramda-0.22.1.tgz",
			"integrity": "sha1-Ax2gw99BfFszyWI0dX6zcDPzag4="
		},
		"sprintf-js": {
			"version": "1.1.1",
			"resolved": "https://registry.npmjs.org/sprintf-js/-/sprintf-js-1.1.1.tgz",
			"integrity": "sha1-Nr54Mgr+WAH2zqPueLblqrlA6gw="
		},
		"underscore.string": {
			"version": "3.3.4",
			"resolved": "https://registry.npmjs.org/underscore.string/-/underscore.string-3.3.4.tgz",
			"integrity": "sha1-LCo/n4PmR2L9xF5s6sZRQoZCE9s=",
			"requires": {
				"sprintf-js": "1.1.1",
				"util-deprecate": "1.0.2"
			}
		},
		"util-deprecate": {
			"version": "1.0.2",
			"resolved": "https://registry.npmjs.org/util-deprecate/-/util-deprecate-1.0.2.tgz",
			"integrity": "sha1-RQ1Nyfpw3nMnYvvS1KKJgUGaDM8="
		}
	}
}
