{
	"name": "kboot",
	"version": "0.0.0",
	"lockfileVersion": 1,
	"requires": true,
	"dependencies": {
		"byte-data": {
			"version": "16.0.3",
			"resolved": "https://registry.npmjs.org/byte-data/-/byte-data-16.0.3.tgz",
			"integrity": "sha512-IzV3mzv8OnnzPdb9CoESQr2ikPX/gkHUesRu+vff9XB7KwMxyflPDewtPFWXPvF+Xukl52ceor2IRLbnQZf3PQ==",
			"requires": {
				"endianness": "^8.0.2",
				"ieee754-buffer": "^0.2.1",
				"twos-complement-buffer": "0.0.1",
				"uint-buffer": "^0.1.0",
				"utf8-buffer": "^0.2.0"
			}
		},
		"debug": {
			"version": "4.1.1",
			"resolved": "https://registry.npmjs.org/debug/-/debug-4.1.1.tgz",
			"integrity": "sha512-pYAIzeRo8J6KPEaJ0VWOh5Pzkbw/RetuzehGM7QRRX5he4fPHx2rdKMB256ehJCkX+XRQm16eZLqLNS8RSZXZw==",
			"requires": {
				"ms": "^2.1.1"
			}
		},
		"endianness": {
			"version": "8.0.2",
			"resolved": "https://registry.npmjs.org/endianness/-/endianness-8.0.2.tgz",
			"integrity": "sha512-IU+77+jJ7lpw2qZ3NUuqBZFy3GuioNgXUdsL1L9tooDNTaw0TgOnwNuc+8Ns+haDaTifK97QLzmOANJtI/rGvw=="
		},
		"ieee754-buffer": {
			"version": "0.2.1",
			"resolved": "https://registry.npmjs.org/ieee754-buffer/-/ieee754-buffer-0.2.1.tgz",
			"integrity": "sha512-dDlJhYk8BAmH1HDncTjCt6xOm2+kT+MxGhRKB+mUoF8nocDzPAgZPEWTRI9QgkGvbDkbJgCqyxweGlIV0yhbUQ=="
		},
		"ms": {
			"version": "2.1.2",
			"resolved": "https://registry.npmjs.org/ms/-/ms-2.1.2.tgz",
			"integrity": "sha512-sGkPx+VjMtmA6MX27oA4FBFELFCZZ4S4XqeGOXCv68tT+jb3vk/RyaKWP0PTKyWtmLSM0b+adUTEvbs1PEaH2w=="
		},
		"tslib": {
			"version": "1.11.1",
			"resolved": "https://registry.npmjs.org/tslib/-/tslib-1.11.1.tgz",
			"integrity": "sha512-aZW88SY8kQbU7gpV19lN24LtXh/yD4ZZg6qieAJDDg+YBsJcSmLGK9QpnUjAKVG/xefmvJGd1WUmfpT/g6AJGA=="
		},
		"twos-complement-buffer": {
			"version": "0.0.1",
			"resolved": "https://registry.npmjs.org/twos-complement-buffer/-/twos-complement-buffer-0.0.1.tgz",
			"integrity": "sha512-Ev3p2GfB2GO8pcyb7jIvctS9RAjSZrF/K+u5s3KN00ajY11Dda2oMqI72nXaHVU7doGYNXc0mJG6exWAbmzZiA==",
			"requires": {
				"uint-buffer": "^0.1.0"
			}
		},
		"uint-buffer": {
			"version": "0.1.0",
			"resolved": "https://registry.npmjs.org/uint-buffer/-/uint-buffer-0.1.0.tgz",
			"integrity": "sha512-7xjpjCTijFIXAMxN7OMRfykpCMVfbCrlAmAt2RIlihvkHgvkNV5DBFzyc8OpIQeVpRXJkgXBwmKos4hD8DrX1g=="
		},
		"utf8-buffer": {
			"version": "0.2.0",
			"resolved": "https://registry.npmjs.org/utf8-buffer/-/utf8-buffer-0.2.0.tgz",
			"integrity": "sha512-DygDeOmOPQRjxnnv8LdfjoSQgG9EgJFH1m/1QcrKkDOxzoOcLLqZ2ONzRYHmiRqJYQYnAvV+zv2Wgk5tXjr4aA=="
		}
	}
}
