{
	"name": "kboot",
	"version": "0.0.0",
	"lockfileVersion": 2,
	"requires": true,
	"packages": {
		"": {
			"name": "kboot",
			"version": "0.0.0",
			"license": "See in LICENSE",
			"dependencies": {
				"byte-data": "^19.0.1",
				"debug": "^4.3.2",
				"tslib": "^2.3.1"
			}
		},
		"node_modules/byte-data": {
			"version": "19.0.1",
			"resolved": "https://registry.npmjs.org/byte-data/-/byte-data-19.0.1.tgz",
			"integrity": "sha512-xRvkTvO28wr0+0rErSETHD8Cw+P444Az3/jkTezaMw5R+TTW8ZNXuvPZf9/ZhnSRRvlMnJsVhc+ecYvOMy/MQQ==",
			"engines": {
				"node": ">=8"
			}
		},
		"node_modules/debug": {
			"version": "4.3.2",
			"resolved": "https://registry.npmjs.org/debug/-/debug-4.3.2.tgz",
			"integrity": "sha512-mOp8wKcvj7XxC78zLgw/ZA+6TSgkoE2C/ienthhRD298T7UNwAg9diBpLRxC0mOezLl4B0xV7M0cCO6P/O0Xhw==",
			"dependencies": {
				"ms": "2.1.2"
			},
			"engines": {
				"node": ">=6.0"
			},
			"peerDependenciesMeta": {
				"supports-color": {
					"optional": true
				}
			}
		},
		"node_modules/ms": {
			"version": "2.1.2",
			"resolved": "https://registry.npmjs.org/ms/-/ms-2.1.2.tgz",
			"integrity": "sha512-sGkPx+VjMtmA6MX27oA4FBFELFCZZ4S4XqeGOXCv68tT+jb3vk/RyaKWP0PTKyWtmLSM0b+adUTEvbs1PEaH2w=="
		},
		"node_modules/tslib": {
			"version": "2.3.1",
			"resolved": "https://registry.npmjs.org/tslib/-/tslib-2.3.1.tgz",
			"integrity": "sha512-77EbyPPpMz+FRFRuAFlWMtmgUWGe9UOG2Z25NqCwiIjRhOf5iKGuzSe5P2w1laq+FkRy4p+PCuVkJSGkzTEKVw=="
		}
	},
	"dependencies": {
		"byte-data": {
			"version": "19.0.1",
			"resolved": "https://registry.npmjs.org/byte-data/-/byte-data-19.0.1.tgz",
			"integrity": "sha512-xRvkTvO28wr0+0rErSETHD8Cw+P444Az3/jkTezaMw5R+TTW8ZNXuvPZf9/ZhnSRRvlMnJsVhc+ecYvOMy/MQQ=="
		},
		"debug": {
			"version": "4.3.2",
			"resolved": "https://registry.npmjs.org/debug/-/debug-4.3.2.tgz",
			"integrity": "sha512-mOp8wKcvj7XxC78zLgw/ZA+6TSgkoE2C/ienthhRD298T7UNwAg9diBpLRxC0mOezLl4B0xV7M0cCO6P/O0Xhw==",
			"requires": {
				"ms": "2.1.2"
			}
		},
		"ms": {
			"version": "2.1.2",
			"resolved": "https://registry.npmjs.org/ms/-/ms-2.1.2.tgz",
			"integrity": "sha512-sGkPx+VjMtmA6MX27oA4FBFELFCZZ4S4XqeGOXCv68tT+jb3vk/RyaKWP0PTKyWtmLSM0b+adUTEvbs1PEaH2w=="
		},
		"tslib": {
			"version": "2.3.1",
			"resolved": "https://registry.npmjs.org/tslib/-/tslib-2.3.1.tgz",
			"integrity": "sha512-77EbyPPpMz+FRFRuAFlWMtmgUWGe9UOG2Z25NqCwiIjRhOf5iKGuzSe5P2w1laq+FkRy4p+PCuVkJSGkzTEKVw=="
		}
	}
}
