{
	"requires": true,
	"lockfileVersion": 1,
	"dependencies": {
		"@angular/core": {
			"version": "4.3.3",
			"resolved": "https://registry.npmjs.org/@angular/core/-/core-4.3.3.tgz",
			"integrity": "sha1-jmp2kUZh20B/otiN0kQcTAFv9iU=",
			"requires": {
				"tslib": "1.7.1"
			}
		},
		"@ngrx/core": {
			"version": "1.2.0",
			"resolved": "https://registry.npmjs.org/@ngrx/core/-/core-1.2.0.tgz",
			"integrity": "sha1-iCtGq6+i4ObYh8txobLC+j5tDcY="
		},
		"@ngrx/effects": {
			"version": "2.0.4",
			"resolved": "https://registry.npmjs.org/@ngrx/effects/-/effects-2.0.4.tgz",
			"integrity": "sha1-QY7uXhAy+mbeW78YVWU7sZUfEqQ="
		},
		"@ngrx/store": {
			"version": "2.2.3",
			"resolved": "https://registry.npmjs.org/@ngrx/store/-/store-2.2.3.tgz",
			"integrity": "sha1-570RSfHEQgjxzEdENT8PmKDx9Xs="
		},
		"tslib": {
			"version": "1.7.1",
			"resolved": "https://registry.npmjs.org/tslib/-/tslib-1.7.1.tgz",
			"integrity": "sha1-vIAEFkaRkjp5/oN4u+s9ogF1OOw="
		}
	}
}
