{
	"name": "uhk-usb",
	"version": "1.0.0",
	"lockfileVersion": 1,
	"requires": true,
	"dependencies": {
		"is-root": {
			"version": "2.1.0",
			"resolved": "https://registry.npmjs.org/is-root/-/is-root-2.1.0.tgz",
			"integrity": "sha512-AGOriNp96vNBd3HtU+RzFEc75FfR5ymiYv8E553I71SCeXBiMsVDUtdio1OEFvrPyLIQ9tVR5RxXIFe5PUFjMg=="
		},
		"nrf-intel-hex": {
			"version": "1.3.0",
			"resolved": "https://registry.npmjs.org/nrf-intel-hex/-/nrf-intel-hex-1.3.0.tgz",
			"integrity": "sha512-oXwBJxX/0Jc4fe2Jxjv3Mw9/qw9JdToDLvJuozfVx+twpkc2oSUm8W/OODX6W4kmWOaYA11ORpGLfQ8BP7mndw=="
		},
		"tslib": {
			"version": "2.0.1",
			"resolved": "https://registry.npmjs.org/tslib/-/tslib-2.0.1.tgz",
			"integrity": "sha512-SgIkNheinmEBgx1IUNirK0TUD4X9yjjBRTqqjggWCU3pUEqIk3/Uwl3yRixYKT6WjQuGiwDv4NomL3wqRCj+CQ=="
		}
	}
}
