{
	"name": "uhk-agent",
	"version": "0.0.0",
	"lockfileVersion": 1,
	"requires": true,
	"dependencies": {
		"ansi-regex": {
			"version": "2.1.1",
			"resolved": "https://registry.npmjs.org/ansi-regex/-/ansi-regex-2.1.1.tgz",
			"integrity": "sha1-w7M6te42DYbg5ijwRorn7yfWVN8="
		},
		"aproba": {
			"version": "1.2.0",
			"resolved": "https://registry.npmjs.org/aproba/-/aproba-1.2.0.tgz",
			"integrity": "sha512-Y9J6ZjXtoYh8RnXVCMOU/ttDmk1aBjunq9vO0ta5x85WDQiQfUF9sIPBITdbiiIVcBo03Hi3jMxigBtsddlXRw=="
		},
		"are-we-there-yet": {
			"version": "1.1.5",
			"resolved": "https://registry.npmjs.org/are-we-there-yet/-/are-we-there-yet-1.1.5.tgz",
			"integrity": "sha512-5hYdAkZlcG8tOLujVDTgCT+uPX0VnpAH28gWsLfzpXYm7wP6mp5Q/gYyR7YQ0cKVJcXJnl3j2kpBan13PtQf6w==",
			"requires": {
				"delegates": "^1.0.0",
				"readable-stream": "^2.0.6"
			}
		},
		"array-back": {
			"version": "2.0.0",
			"resolved": "https://registry.npmjs.org/array-back/-/array-back-2.0.0.tgz",
			"integrity": "sha512-eJv4pLLufP3g5kcZry0j6WXpIbzYw9GUB4mVJZno9wfwiBxbizTnHCw3VJb07cBihbFX48Y7oSrW9y+gt4glyw==",
			"requires": {
				"typical": "^2.6.1"
			}
		},
		"base64-js": {
			"version": "1.3.1",
			"resolved": "https://registry.npmjs.org/base64-js/-/base64-js-1.3.1.tgz",
			"integrity": "sha512-mLQ4i2QO1ytvGWFWmcngKO//JXAQueZvwEKtjgQFM4jIK0kU+ytMfplL8j+n5mspOfjHwoAg+9yhb7BwAHm36g=="
		},
		"bindings": {
			"version": "1.5.0",
			"resolved": "https://registry.npmjs.org/bindings/-/bindings-1.5.0.tgz",
			"integrity": "sha512-p2q/t/mhvuOj/UeLlV6566GD/guowlr0hHxClI0W9m7MWYkL1F0hLo+0Aexs9HSPCtR1SXQ0TD3MMKrXZajbiQ==",
			"requires": {
				"file-uri-to-path": "1.0.0"
			}
		},
		"bl": {
			"version": "1.2.2",
			"resolved": "https://registry.npmjs.org/bl/-/bl-1.2.2.tgz",
			"integrity": "sha512-e8tQYnZodmebYDWGH7KMRvtzKXaJHx3BbilrgZCfvyLUYdKpK1t5PSPmpkny/SgiTSCnjfLW7v5rlONXVFkQEA==",
			"requires": {
				"readable-stream": "^2.3.5",
				"safe-buffer": "^5.1.1"
			}
		},
		"buffer": {
			"version": "5.4.0",
			"resolved": "https://registry.npmjs.org/buffer/-/buffer-5.4.0.tgz",
			"integrity": "sha512-Xpgy0IwHK2N01ncykXTy6FpCWuM+CJSHoPVBLyNqyrWxsedpLvwsYUhf0ME3WRFNUhos0dMamz9cOS/xRDtU5g==",
			"requires": {
				"base64-js": "^1.0.2",
				"ieee754": "^1.1.4"
			}
		},
		"buffer-alloc": {
			"version": "1.2.0",
			"resolved": "https://registry.npmjs.org/buffer-alloc/-/buffer-alloc-1.2.0.tgz",
			"integrity": "sha512-CFsHQgjtW1UChdXgbyJGtnm+O/uLQeZdtbDo8mfUgYXCHSM1wgrVxXm6bSyrUuErEb+4sYVGCzASBRot7zyrow==",
			"requires": {
				"buffer-alloc-unsafe": "^1.1.0",
				"buffer-fill": "^1.0.0"
			}
		},
		"buffer-alloc-unsafe": {
			"version": "1.1.0",
			"resolved": "https://registry.npmjs.org/buffer-alloc-unsafe/-/buffer-alloc-unsafe-1.1.0.tgz",
			"integrity": "sha512-TEM2iMIEQdJ2yjPJoSIsldnleVaAk1oW3DBVUykyOLsEsFmEc9kn+SFFPz+gl54KQNxlDnAwCXosOS9Okx2xAg=="
		},
		"buffer-crc32": {
			"version": "0.2.13",
			"resolved": "https://registry.npmjs.org/buffer-crc32/-/buffer-crc32-0.2.13.tgz",
			"integrity": "sha1-DTM+PwDqxQqhRUq9MO+MKl2ackI="
		},
		"buffer-fill": {
			"version": "1.0.0",
			"resolved": "https://registry.npmjs.org/buffer-fill/-/buffer-fill-1.0.0.tgz",
			"integrity": "sha1-+PeLdniYiO858gXNY39o5wISKyw="
		},
		"chownr": {
			"version": "1.1.2",
			"resolved": "https://registry.npmjs.org/chownr/-/chownr-1.1.2.tgz",
			"integrity": "sha512-GkfeAQh+QNy3wquu9oIZr6SS5x7wGdSgNQvD10X3r+AZr1Oys22HW8kAmDMvNg2+Dm0TeGaEuO8gFwdBXxwO8A=="
		},
		"code-point-at": {
			"version": "1.1.0",
			"resolved": "https://registry.npmjs.org/code-point-at/-/code-point-at-1.1.0.tgz",
			"integrity": "sha1-DQcLTQQ6W+ozovGkDi7bPZpMz3c="
		},
		"command-line-args": {
			"version": "4.0.7",
			"resolved": "https://registry.npmjs.org/command-line-args/-/command-line-args-4.0.7.tgz",
			"integrity": "sha512-aUdPvQRAyBvQd2n7jXcsMDz68ckBJELXNzBybCHOibUWEg0mWTnaYCSRU8h9R+aNRSvDihJtssSRCiDRpLaezA==",
			"requires": {
				"array-back": "^2.0.0",
				"find-replace": "^1.0.3",
				"typical": "^2.6.1"
			}
		},
		"commander": {
			"version": "2.8.1",
			"resolved": "https://registry.npmjs.org/commander/-/commander-2.8.1.tgz",
			"integrity": "sha1-Br42f+v9oMMwqh4qBy09yXYkJdQ=",
			"requires": {
				"graceful-readlink": ">= 1.0.0"
			}
		},
		"console-control-strings": {
			"version": "1.1.0",
			"resolved": "https://registry.npmjs.org/console-control-strings/-/console-control-strings-1.1.0.tgz",
			"integrity": "sha1-PXz0Rk22RG6mRL9LOVB/mFEAjo4="
		},
		"core-util-is": {
			"version": "1.0.2",
			"resolved": "https://registry.npmjs.org/core-util-is/-/core-util-is-1.0.2.tgz",
			"integrity": "sha1-tf1UIgqivFq1eqtxQMlAdUUDwac="
		},
		"decompress": {
			"version": "4.2.0",
			"resolved": "https://registry.npmjs.org/decompress/-/decompress-4.2.0.tgz",
			"integrity": "sha1-eu3YVCflqS2s/lVnSnxQXpbQH50=",
			"requires": {
				"decompress-tar": "^4.0.0",
				"decompress-tarbz2": "^4.0.0",
				"decompress-targz": "^4.0.0",
				"decompress-unzip": "^4.0.1",
				"graceful-fs": "^4.1.10",
				"make-dir": "^1.0.0",
				"pify": "^2.3.0",
				"strip-dirs": "^2.0.0"
			}
		},
		"decompress-bzip2": {
			"version": "4.0.0",
			"resolved": "https://registry.npmjs.org/decompress-bzip2/-/decompress-bzip2-4.0.0.tgz",
			"integrity": "sha1-0SVMlJ4F6vYol1QoawY/3Hz/AT8=",
			"requires": {
				"file-type": "^4.3.0",
				"seek-bzip": "^1.0.5"
			},
			"dependencies": {
				"file-type": {
					"version": "4.4.0",
					"resolved": "https://registry.npmjs.org/file-type/-/file-type-4.4.0.tgz",
					"integrity": "sha1-G2AOX8ofvcboDApwxxyNul95BsU="
				}
			}
		},
		"decompress-response": {
			"version": "3.3.0",
			"resolved": "https://registry.npmjs.org/decompress-response/-/decompress-response-3.3.0.tgz",
			"integrity": "sha1-gKTdMjdIOEv6JICDYirt7Jgq3/M=",
			"requires": {
				"mimic-response": "^1.0.0"
			}
		},
		"decompress-tar": {
			"version": "4.1.1",
			"resolved": "https://registry.npmjs.org/decompress-tar/-/decompress-tar-4.1.1.tgz",
			"integrity": "sha512-JdJMaCrGpB5fESVyxwpCx4Jdj2AagLmv3y58Qy4GE6HMVjWz1FeVQk1Ct4Kye7PftcdOo/7U7UKzYBJgqnGeUQ==",
			"requires": {
				"file-type": "^5.2.0",
				"is-stream": "^1.1.0",
				"tar-stream": "^1.5.2"
			}
		},
		"decompress-tarbz2": {
			"version": "4.1.1",
			"resolved": "https://registry.npmjs.org/decompress-tarbz2/-/decompress-tarbz2-4.1.1.tgz",
			"integrity": "sha512-s88xLzf1r81ICXLAVQVzaN6ZmX4A6U4z2nMbOwobxkLoIIfjVMBg7TeguTUXkKeXni795B6y5rnvDw7rxhAq9A==",
			"requires": {
				"decompress-tar": "^4.1.0",
				"file-type": "^6.1.0",
				"is-stream": "^1.1.0",
				"seek-bzip": "^1.0.5",
				"unbzip2-stream": "^1.0.9"
			},
			"dependencies": {
				"file-type": {
					"version": "6.2.0",
					"resolved": "https://registry.npmjs.org/file-type/-/file-type-6.2.0.tgz",
					"integrity": "sha512-YPcTBDV+2Tm0VqjybVd32MHdlEGAtuxS3VAYsumFokDSMG+ROT5wawGlnHDoz7bfMcMDt9hxuXvXwoKUx2fkOg=="
				}
			}
		},
		"decompress-targz": {
			"version": "4.1.1",
			"resolved": "https://registry.npmjs.org/decompress-targz/-/decompress-targz-4.1.1.tgz",
			"integrity": "sha512-4z81Znfr6chWnRDNfFNqLwPvm4db3WuZkqV+UgXQzSngG3CEKdBkw5jrv3axjjL96glyiiKjsxJG3X6WBZwX3w==",
			"requires": {
				"decompress-tar": "^4.1.1",
				"file-type": "^5.2.0",
				"is-stream": "^1.1.0"
			}
		},
		"decompress-unzip": {
			"version": "4.0.1",
			"resolved": "https://registry.npmjs.org/decompress-unzip/-/decompress-unzip-4.0.1.tgz",
			"integrity": "sha1-3qrM39FK6vhVePczroIQ+bSEj2k=",
			"requires": {
				"file-type": "^3.8.0",
				"get-stream": "^2.2.0",
				"pify": "^2.3.0",
				"yauzl": "^2.4.2"
			},
			"dependencies": {
				"file-type": {
					"version": "3.9.0",
					"resolved": "https://registry.npmjs.org/file-type/-/file-type-3.9.0.tgz",
					"integrity": "sha1-JXoHg4TR24CHvESdEH1SpSZyuek="
				}
			}
		},
		"deep-extend": {
			"version": "0.6.0",
			"resolved": "https://registry.npmjs.org/deep-extend/-/deep-extend-0.6.0.tgz",
			"integrity": "sha512-LOHxIOaPYdHlJRtCQfDIVZtfw/ufM8+rVj649RIHzcm/vGwQRXFt6OPqIFWsm2XEMrNIEtWR64sY1LEKD2vAOA=="
		},
		"delegates": {
			"version": "1.0.0",
			"resolved": "https://registry.npmjs.org/delegates/-/delegates-1.0.0.tgz",
			"integrity": "sha1-hMbhWbgZBP3KWaDvRM2HDTElD5o="
		},
		"detect-libc": {
			"version": "1.0.3",
			"resolved": "https://registry.npmjs.org/detect-libc/-/detect-libc-1.0.3.tgz",
			"integrity": "sha1-+hN8S9aY7fVc1c0CrFWfkaTEups="
		},
		"end-of-stream": {
			"version": "1.4.1",
			"resolved": "https://registry.npmjs.org/end-of-stream/-/end-of-stream-1.4.1.tgz",
			"integrity": "sha512-1MkrZNvWTKCaigbn+W15elq2BB/L22nqrSY5DKlo3X6+vclJm8Bb5djXJBmEX6fS3+zCh/F4VBK5Z2KxJt4s2Q==",
			"requires": {
				"once": "^1.4.0"
			}
		},
		"expand-template": {
			"version": "2.0.3",
			"resolved": "https://registry.npmjs.org/expand-template/-/expand-template-2.0.3.tgz",
			"integrity": "sha512-XYfuKMvj4O35f/pOXLObndIRvyQ+/+6AhODh+OKWj9S9498pHHn/IMszH+gt0fBCRWMNfk1ZSp5x3AifmnI2vg=="
		},
		"fd-slicer": {
			"version": "1.1.0",
			"resolved": "https://registry.npmjs.org/fd-slicer/-/fd-slicer-1.1.0.tgz",
			"integrity": "sha1-JcfInLH5B3+IkbvmHY85Dq4lbx4=",
			"requires": {
				"pend": "~1.2.0"
			}
		},
		"file-type": {
			"version": "5.2.0",
			"resolved": "https://registry.npmjs.org/file-type/-/file-type-5.2.0.tgz",
			"integrity": "sha1-LdvqfHP/42No365J3DOMBYwritY="
		},
		"file-uri-to-path": {
			"version": "1.0.0",
			"resolved": "https://registry.npmjs.org/file-uri-to-path/-/file-uri-to-path-1.0.0.tgz",
			"integrity": "sha512-0Zt+s3L7Vf1biwWZ29aARiVYLx7iMGnEUl9x33fbB/j3jR81u/O2LbqK+Bm1CDSNDKVtJ/YjwY7TUd5SkeLQLw=="
		},
		"find-replace": {
			"version": "1.0.3",
			"resolved": "https://registry.npmjs.org/find-replace/-/find-replace-1.0.3.tgz",
			"integrity": "sha1-uI5zZNLZyVlVnziMZmcNYTBEH6A=",
			"requires": {
				"array-back": "^1.0.4",
				"test-value": "^2.1.0"
			},
			"dependencies": {
				"array-back": {
					"version": "1.0.4",
					"resolved": "https://registry.npmjs.org/array-back/-/array-back-1.0.4.tgz",
					"integrity": "sha1-ZEun8JX3/898Q7Xw3DnTwfA8Bjs=",
					"requires": {
						"typical": "^2.6.0"
					}
				}
			}
		},
		"fs-constants": {
			"version": "1.0.0",
			"resolved": "https://registry.npmjs.org/fs-constants/-/fs-constants-1.0.0.tgz",
			"integrity": "sha512-y6OAwoSIf7FyjMIv94u+b5rdheZEjzR63GTyZJm5qh4Bi+2YgwLCcI/fPFZkL5PSixOt6ZNKm+w+Hfp/Bciwow=="
		},
		"gauge": {
			"version": "2.7.4",
			"resolved": "https://registry.npmjs.org/gauge/-/gauge-2.7.4.tgz",
			"integrity": "sha1-LANAXHU4w51+s3sxcCLjJfsBi/c=",
			"requires": {
				"aproba": "^1.0.3",
				"console-control-strings": "^1.0.0",
				"has-unicode": "^2.0.0",
				"object-assign": "^4.1.0",
				"signal-exit": "^3.0.0",
				"string-width": "^1.0.1",
				"strip-ansi": "^3.0.1",
				"wide-align": "^1.1.0"
			}
		},
		"get-stream": {
			"version": "2.3.1",
			"resolved": "https://registry.npmjs.org/get-stream/-/get-stream-2.3.1.tgz",
			"integrity": "sha1-Xzj5PzRgCWZu4BUKBUFn+Rvdld4=",
			"requires": {
				"object-assign": "^4.0.1",
				"pinkie-promise": "^2.0.0"
			}
		},
		"github-from-package": {
			"version": "0.0.0",
			"resolved": "https://registry.npmjs.org/github-from-package/-/github-from-package-0.0.0.tgz",
			"integrity": "sha1-l/tdlr/eiXMxPyDoKI75oWf6ZM4="
		},
		"graceful-fs": {
			"version": "4.2.1",
			"resolved": "https://registry.npmjs.org/graceful-fs/-/graceful-fs-4.2.1.tgz",
			"integrity": "sha512-b9usnbDGnD928gJB3LrCmxoibr3VE4U2SMo5PBuBnokWyDADTqDPXg4YpwKF1trpH+UbGp7QLicO3+aWEy0+mw=="
		},
		"graceful-readlink": {
			"version": "1.0.1",
			"resolved": "https://registry.npmjs.org/graceful-readlink/-/graceful-readlink-1.0.1.tgz",
			"integrity": "sha1-TK+tdrxi8C+gObL5Tpo906ORpyU="
		},
		"has-unicode": {
			"version": "2.0.1",
			"resolved": "https://registry.npmjs.org/has-unicode/-/has-unicode-2.0.1.tgz",
			"integrity": "sha1-4Ob+aijPUROIVeCG0Wkedx3iqLk="
		},
		"ieee754": {
			"version": "1.1.13",
			"resolved": "https://registry.npmjs.org/ieee754/-/ieee754-1.1.13.tgz",
			"integrity": "sha512-4vf7I2LYV/HaWerSo3XmlMkp5eZ83i+/CDluXi/IGTs/O1sejBNhTtnxzmRZfvOUqj7lZjqHkeTvpgSFDlWZTg=="
		},
		"inherits": {
			"version": "2.0.4",
			"resolved": "https://registry.npmjs.org/inherits/-/inherits-2.0.4.tgz",
			"integrity": "sha512-k/vGaX4/Yla3WzyMCvTQOXYeIHvqOKtnqBduzTHpzpQZzAskKMhZ2K+EnBiSM9zGSoIFeMpXKxa4dYeZIQqewQ=="
		},
		"ini": {
			"version": "1.3.5",
			"resolved": "https://registry.npmjs.org/ini/-/ini-1.3.5.tgz",
			"integrity": "sha512-RZY5huIKCMRWDUqZlEi72f/lmXKMvuszcMBduliQ3nnWbx9X/ZBQO7DijMEYS9EhHBb2qacRUMtC7svLwe0lcw=="
		},
		"is-fullwidth-code-point": {
			"version": "1.0.0",
			"resolved": "https://registry.npmjs.org/is-fullwidth-code-point/-/is-fullwidth-code-point-1.0.0.tgz",
			"integrity": "sha1-754xOG8DGn8NZDr4L95QxFfvAMs=",
			"requires": {
				"number-is-nan": "^1.0.0"
			}
		},
		"is-natural-number": {
			"version": "4.0.1",
			"resolved": "https://registry.npmjs.org/is-natural-number/-/is-natural-number-4.0.1.tgz",
			"integrity": "sha1-q5124dtM7VHjXeDHLr7PCfc0zeg="
		},
		"is-stream": {
			"version": "1.1.0",
			"resolved": "https://registry.npmjs.org/is-stream/-/is-stream-1.1.0.tgz",
			"integrity": "sha1-EtSj3U5o4Lec6428hBc66A2RykQ="
		},
		"isarray": {
			"version": "1.0.0",
			"resolved": "https://registry.npmjs.org/isarray/-/isarray-1.0.0.tgz",
			"integrity": "sha1-u5NdSFgsuhaMBoNJV6VKPgcSTxE="
		},
		"make-dir": {
			"version": "1.3.0",
			"resolved": "https://registry.npmjs.org/make-dir/-/make-dir-1.3.0.tgz",
			"integrity": "sha512-2w31R7SJtieJJnQtGc7RVL2StM2vGYVfqUOvUDxH6bC6aJTxPxTF0GnIgCyu7tjockiUWAYQRbxa7vKn34s5sQ==",
			"requires": {
				"pify": "^3.0.0"
			},
			"dependencies": {
				"pify": {
					"version": "3.0.0",
					"resolved": "https://registry.npmjs.org/pify/-/pify-3.0.0.tgz",
					"integrity": "sha1-5aSs0sEB/fPZpNB/DbxNtJ3SgXY="
				}
			}
		},
		"mimic-response": {
			"version": "1.0.1",
			"resolved": "https://registry.npmjs.org/mimic-response/-/mimic-response-1.0.1.tgz",
			"integrity": "sha512-j5EctnkH7amfV/q5Hgmoal1g2QHFJRraOtmx0JpIqkxhBhI/lJSl1nMpQ45hVarwNETOoWEimndZ4QK0RHxuxQ=="
		},
		"minimist": {
			"version": "1.2.0",
			"resolved": "https://registry.npmjs.org/minimist/-/minimist-1.2.0.tgz",
			"integrity": "sha1-o1AIsg9BOD7sH7kU9M1d95omQoQ="
		},
		"mkdirp": {
			"version": "0.5.1",
			"resolved": "https://registry.npmjs.org/mkdirp/-/mkdirp-0.5.1.tgz",
			"integrity": "sha1-MAV0OOrGz3+MR2fzhkjWaX11yQM=",
			"requires": {
				"minimist": "0.0.8"
			},
			"dependencies": {
				"minimist": {
					"version": "0.0.8",
					"resolved": "https://registry.npmjs.org/minimist/-/minimist-0.0.8.tgz",
					"integrity": "sha1-hX/Kv8M5fSYluCKCYuhqp6ARsF0="
				}
			}
		},
		"nan": {
			"version": "2.14.0",
			"resolved": "https://registry.npmjs.org/nan/-/nan-2.14.0.tgz",
			"integrity": "sha512-INOFj37C7k3AfaNTtX8RhsTw7qRy7eLET14cROi9+5HAVbbHuIWUHEauBv5qT4Av2tWasiTY1Jw6puUNqRJXQg=="
		},
		"napi-build-utils": {
			"version": "1.0.1",
			"resolved": "https://registry.npmjs.org/napi-build-utils/-/napi-build-utils-1.0.1.tgz",
			"integrity": "sha512-boQj1WFgQH3v4clhu3mTNfP+vOBxorDlE8EKiMjUlLG3C4qAESnn9AxIOkFgTR2c9LtzNjPrjS60cT27ZKBhaA=="
		},
		"node-abi": {
			"version": "2.11.0",
			"resolved": "https://registry.npmjs.org/node-abi/-/node-abi-2.11.0.tgz",
			"integrity": "sha512-kuy/aEg75u40v378WRllQ4ZexaXJiCvB68D2scDXclp/I4cRq6togpbOoKhmN07tns9Zldu51NNERo0wehfX9g==",
			"requires": {
				"semver": "^5.4.1"
			},
			"dependencies": {
				"semver": {
					"version": "5.7.1",
					"resolved": "https://registry.npmjs.org/semver/-/semver-5.7.1.tgz",
					"integrity": "sha512-sauaDf/PZdVgrLTNYHRtpXa1iRiKcaebiKQ1BJdpQlWH2lCvexQdX55snPFyK7QzpudqbCI0qXFfOasHdyNDGQ=="
				}
			}
		},
		"node-hid": {
			"version": "0.7.9",
			"resolved": "https://registry.npmjs.org/node-hid/-/node-hid-0.7.9.tgz",
			"integrity": "sha512-vJnonTqmq3frCyTumJqG4g2IZcny3ynkfmbfDfQ90P3ZhRzcWYS/Um1ux6HFmAxmkaQnrZqIYHcGpL7kdqY8jA==",
			"requires": {
				"bindings": "^1.5.0",
				"nan": "^2.13.2",
				"prebuild-install": "^5.3.0"
			}
		},
		"noop-logger": {
			"version": "0.1.1",
			"resolved": "https://registry.npmjs.org/noop-logger/-/noop-logger-0.1.1.tgz",
			"integrity": "sha1-lKKxYzxPExdVMAfYlm/Q6EG2pMI="
		},
		"npmlog": {
			"version": "4.1.2",
			"resolved": "https://registry.npmjs.org/npmlog/-/npmlog-4.1.2.tgz",
			"integrity": "sha512-2uUqazuKlTaSI/dC8AzicUck7+IrEaOnN/e0jd3Xtt1KcGpwx30v50mL7oPyr/h9bL3E4aZccVwpwP+5W9Vjkg==",
			"requires": {
				"are-we-there-yet": "~1.1.2",
				"console-control-strings": "~1.1.0",
				"gauge": "~2.7.3",
				"set-blocking": "~2.0.0"
			}
		},
		"number-is-nan": {
			"version": "1.0.1",
			"resolved": "https://registry.npmjs.org/number-is-nan/-/number-is-nan-1.0.1.tgz",
			"integrity": "sha1-CXtgK1NCKlIsGvuHkDGDNpQaAR0="
		},
		"object-assign": {
			"version": "4.1.1",
			"resolved": "https://registry.npmjs.org/object-assign/-/object-assign-4.1.1.tgz",
			"integrity": "sha1-IQmtx5ZYh8/AXLvUQsrIv7s2CGM="
		},
		"once": {
			"version": "1.4.0",
			"resolved": "https://registry.npmjs.org/once/-/once-1.4.0.tgz",
			"integrity": "sha1-WDsap3WWHUsROsF9nFC6753Xa9E=",
			"requires": {
				"wrappy": "1"
			}
		},
		"os-homedir": {
			"version": "1.0.2",
			"resolved": "https://registry.npmjs.org/os-homedir/-/os-homedir-1.0.2.tgz",
			"integrity": "sha1-/7xJiDNuDoM94MFox+8VISGqf7M="
		},
		"os-tmpdir": {
			"version": "1.0.2",
			"resolved": "https://registry.npmjs.org/os-tmpdir/-/os-tmpdir-1.0.2.tgz",
			"integrity": "sha1-u+Z0BseaqFxc/sdm/lc0VV36EnQ="
		},
		"pend": {
			"version": "1.2.0",
			"resolved": "https://registry.npmjs.org/pend/-/pend-1.2.0.tgz",
			"integrity": "sha1-elfrVQpng/kRUzH89GY9XI4AelA="
		},
		"pify": {
			"version": "2.3.0",
			"resolved": "https://registry.npmjs.org/pify/-/pify-2.3.0.tgz",
			"integrity": "sha1-7RQaasBDqEnqWISY59yosVMw6Qw="
		},
		"pinkie": {
			"version": "2.0.4",
			"resolved": "https://registry.npmjs.org/pinkie/-/pinkie-2.0.4.tgz",
			"integrity": "sha1-clVrgM+g1IqXToDnckjoDtT3+HA="
		},
		"pinkie-promise": {
			"version": "2.0.1",
			"resolved": "https://registry.npmjs.org/pinkie-promise/-/pinkie-promise-2.0.1.tgz",
			"integrity": "sha1-ITXW36ejWMBprJsXh3YogihFD/o=",
			"requires": {
				"pinkie": "^2.0.0"
			}
		},
		"prebuild-install": {
			"version": "5.3.0",
			"resolved": "https://registry.npmjs.org/prebuild-install/-/prebuild-install-5.3.0.tgz",
			"integrity": "sha512-aaLVANlj4HgZweKttFNUVNRxDukytuIuxeK2boIMHjagNJCiVKWFsKF4tCE3ql3GbrD2tExPQ7/pwtEJcHNZeg==",
			"requires": {
				"detect-libc": "^1.0.3",
				"expand-template": "^2.0.3",
				"github-from-package": "0.0.0",
				"minimist": "^1.2.0",
				"mkdirp": "^0.5.1",
				"napi-build-utils": "^1.0.1",
				"node-abi": "^2.7.0",
				"noop-logger": "^0.1.1",
				"npmlog": "^4.0.1",
				"os-homedir": "^1.0.1",
				"pump": "^2.0.1",
				"rc": "^1.2.7",
				"simple-get": "^2.7.0",
				"tar-fs": "^1.13.0",
				"tunnel-agent": "^0.6.0",
				"which-pm-runs": "^1.0.0"
			}
		},
		"process-nextick-args": {
			"version": "2.0.1",
			"resolved": "https://registry.npmjs.org/process-nextick-args/-/process-nextick-args-2.0.1.tgz",
			"integrity": "sha512-3ouUOpQhtgrbOa17J7+uxOTpITYWaGP7/AhoR3+A+/1e9skrzelGi/dXzEYyvbxubEF6Wn2ypscTKiKJFFn1ag=="
		},
		"pump": {
			"version": "2.0.1",
			"resolved": "https://registry.npmjs.org/pump/-/pump-2.0.1.tgz",
			"integrity": "sha512-ruPMNRkN3MHP1cWJc9OWr+T/xDP0jhXYCLfJcBuX54hhfIBnaQmAUMfDcG4DM5UMWByBbJY69QSphm3jtDKIkA==",
			"requires": {
				"end-of-stream": "^1.1.0",
				"once": "^1.3.1"
			}
		},
		"rc": {
			"version": "1.2.8",
			"resolved": "https://registry.npmjs.org/rc/-/rc-1.2.8.tgz",
			"integrity": "sha512-y3bGgqKj3QBdxLbLkomlohkvsA8gdAiUQlSBJnBhfn+BPxg4bc62d8TcBW15wavDfgexCgccckhcZvywyQYPOw==",
			"requires": {
				"deep-extend": "^0.6.0",
				"ini": "~1.3.0",
				"minimist": "^1.2.0",
				"strip-json-comments": "~2.0.1"
			}
		},
		"readable-stream": {
			"version": "2.3.6",
			"resolved": "https://registry.npmjs.org/readable-stream/-/readable-stream-2.3.6.tgz",
			"integrity": "sha512-tQtKA9WIAhBF3+VLAseyMqZeBjW0AHJoxOtYqSUZNJxauErmLbVm2FW1y+J/YA9dUrAC39ITejlZWhVIwawkKw==",
			"requires": {
				"core-util-is": "~1.0.0",
				"inherits": "~2.0.3",
				"isarray": "~1.0.0",
				"process-nextick-args": "~2.0.0",
				"safe-buffer": "~5.1.1",
				"string_decoder": "~1.1.1",
				"util-deprecate": "~1.0.1"
			},
			"dependencies": {
				"safe-buffer": {
					"version": "5.1.2",
					"resolved": "https://registry.npmjs.org/safe-buffer/-/safe-buffer-5.1.2.tgz",
					"integrity": "sha512-Gd2UZBJDkXlY7GbJxfsE8/nvKkUEU1G38c1siN6QP6a9PT9MmHB8GnpscSmMJSoF8LOIrt8ud/wPtojys4G6+g=="
				}
			}
		},
		"safe-buffer": {
			"version": "5.2.0",
			"resolved": "https://registry.npmjs.org/safe-buffer/-/safe-buffer-5.2.0.tgz",
			"integrity": "sha512-fZEwUGbVl7kouZs1jCdMLdt95hdIv0ZeHg6L7qPeciMZhZ+/gdesW4wgTARkrFWEpspjEATAzUGPG8N2jJiwbg=="
		},
		"seek-bzip": {
			"version": "1.0.5",
			"resolved": "https://registry.npmjs.org/seek-bzip/-/seek-bzip-1.0.5.tgz",
			"integrity": "sha1-z+kXyz0nS8/6x5J1ivUxc+sfq9w=",
			"requires": {
				"commander": "~2.8.1"
			}
		},
		"semver": {
			"version": "5.6.0",
			"resolved": "https://registry.npmjs.org/semver/-/semver-5.6.0.tgz",
			"integrity": "sha512-RS9R6R35NYgQn++fkDWaOmqGoj4Ek9gGs+DPxNUZKuwE183xjJroKvyo1IzVFeXvUrvmALy6FWD5xrdJT25gMg=="
		},
		"set-blocking": {
			"version": "2.0.0",
			"resolved": "https://registry.npmjs.org/set-blocking/-/set-blocking-2.0.0.tgz",
			"integrity": "sha1-BF+XgtARrppoA93TgrJDkrPYkPc="
		},
		"signal-exit": {
			"version": "3.0.2",
			"resolved": "https://registry.npmjs.org/signal-exit/-/signal-exit-3.0.2.tgz",
			"integrity": "sha1-tf3AjxKH6hF4Yo5BXiUTK3NkbG0="
		},
		"simple-concat": {
			"version": "1.0.0",
			"resolved": "https://registry.npmjs.org/simple-concat/-/simple-concat-1.0.0.tgz",
			"integrity": "sha1-c0TLuLbib7J9ZrL8hvn21Zl1IcY="
		},
		"simple-get": {
			"version": "2.8.1",
			"resolved": "https://registry.npmjs.org/simple-get/-/simple-get-2.8.1.tgz",
			"integrity": "sha512-lSSHRSw3mQNUGPAYRqo7xy9dhKmxFXIjLjp4KHpf99GEH2VH7C3AM+Qfx6du6jhfUi6Vm7XnbEVEf7Wb6N8jRw==",
			"requires": {
				"decompress-response": "^3.3.0",
				"once": "^1.3.1",
				"simple-concat": "^1.0.0"
			}
		},
		"string-width": {
			"version": "1.0.2",
			"resolved": "https://registry.npmjs.org/string-width/-/string-width-1.0.2.tgz",
			"integrity": "sha1-EYvfW4zcUaKn5w0hHgfisLmxB9M=",
			"requires": {
				"code-point-at": "^1.0.0",
				"is-fullwidth-code-point": "^1.0.0",
				"strip-ansi": "^3.0.0"
			}
		},
		"string_decoder": {
			"version": "1.1.1",
			"resolved": "https://registry.npmjs.org/string_decoder/-/string_decoder-1.1.1.tgz",
			"integrity": "sha512-n/ShnvDi6FHbbVfviro+WojiFzv+s8MPMHBczVePfUpDJLwoLT0ht1l4YwBCbi8pJAveEEdnkHyPyTP/mzRfwg==",
			"requires": {
				"safe-buffer": "~5.1.0"
			},
			"dependencies": {
				"safe-buffer": {
					"version": "5.1.2",
					"resolved": "https://registry.npmjs.org/safe-buffer/-/safe-buffer-5.1.2.tgz",
					"integrity": "sha512-Gd2UZBJDkXlY7GbJxfsE8/nvKkUEU1G38c1siN6QP6a9PT9MmHB8GnpscSmMJSoF8LOIrt8ud/wPtojys4G6+g=="
				}
			}
		},
		"strip-ansi": {
			"version": "3.0.1",
			"resolved": "https://registry.npmjs.org/strip-ansi/-/strip-ansi-3.0.1.tgz",
			"integrity": "sha1-ajhfuIU9lS1f8F0Oiq+UJ43GPc8=",
			"requires": {
				"ansi-regex": "^2.0.0"
			}
		},
		"strip-dirs": {
			"version": "2.1.0",
			"resolved": "https://registry.npmjs.org/strip-dirs/-/strip-dirs-2.1.0.tgz",
			"integrity": "sha512-JOCxOeKLm2CAS73y/U4ZeZPTkE+gNVCzKt7Eox84Iej1LT/2pTWYpZKJuxwQpvX1LiZb1xokNR7RLfuBAa7T3g==",
			"requires": {
				"is-natural-number": "^4.0.1"
			}
		},
		"strip-json-comments": {
			"version": "2.0.1",
			"resolved": "https://registry.npmjs.org/strip-json-comments/-/strip-json-comments-2.0.1.tgz",
			"integrity": "sha1-PFMZQukIwml8DsNEhYwobHygpgo="
		},
		"sudo-prompt": {
			"version": "7.0.0",
			"resolved": "https://registry.npmjs.org/sudo-prompt/-/sudo-prompt-7.0.0.tgz",
			"integrity": "sha1-2kFbc+BeKgf7/lQEAb/8eQxPfdk="
		},
		"tar-fs": {
			"version": "1.16.3",
			"resolved": "https://registry.npmjs.org/tar-fs/-/tar-fs-1.16.3.tgz",
			"integrity": "sha512-NvCeXpYx7OsmOh8zIOP/ebG55zZmxLE0etfWRbWok+q2Qo8x/vOR/IJT1taADXPe+jsiu9axDb3X4B+iIgNlKw==",
			"requires": {
				"chownr": "^1.0.1",
				"mkdirp": "^0.5.1",
				"pump": "^1.0.0",
				"tar-stream": "^1.1.2"
			},
			"dependencies": {
				"pump": {
					"version": "1.0.3",
					"resolved": "https://registry.npmjs.org/pump/-/pump-1.0.3.tgz",
					"integrity": "sha512-8k0JupWme55+9tCVE+FS5ULT3K6AbgqrGa58lTT49RpyfwwcGedHqaC5LlQNdEAumn/wFsu6aPwkuPMioy8kqw==",
					"requires": {
						"end-of-stream": "^1.1.0",
						"once": "^1.3.1"
					}
				}
			}
		},
		"tar-stream": {
			"version": "1.6.2",
			"resolved": "https://registry.npmjs.org/tar-stream/-/tar-stream-1.6.2.tgz",
			"integrity": "sha512-rzS0heiNf8Xn7/mpdSVVSMAWAoy9bfb1WOTYC78Z0UQKeKa/CWS8FOq0lKGNa8DWKAn9gxjCvMLYc5PGXYlK2A==",
			"requires": {
				"bl": "^1.0.0",
				"buffer-alloc": "^1.2.0",
				"end-of-stream": "^1.0.0",
				"fs-constants": "^1.0.0",
				"readable-stream": "^2.3.0",
				"to-buffer": "^1.1.1",
				"xtend": "^4.0.0"
			}
		},
		"test-value": {
			"version": "2.1.0",
			"resolved": "https://registry.npmjs.org/test-value/-/test-value-2.1.0.tgz",
			"integrity": "sha1-Edpv9nDzRxpztiXKTz/c97t0gpE=",
			"requires": {
				"array-back": "^1.0.3",
				"typical": "^2.6.0"
			},
			"dependencies": {
				"array-back": {
					"version": "1.0.4",
					"resolved": "https://registry.npmjs.org/array-back/-/array-back-1.0.4.tgz",
					"integrity": "sha1-ZEun8JX3/898Q7Xw3DnTwfA8Bjs=",
					"requires": {
						"typical": "^2.6.0"
					}
				}
			}
		},
		"through": {
			"version": "2.3.8",
			"resolved": "https://registry.npmjs.org/through/-/through-2.3.8.tgz",
			"integrity": "sha1-DdTJ/6q8NXlgsbckEV1+Doai4fU="
		},
		"tmp": {
			"version": "0.0.33",
			"resolved": "https://registry.npmjs.org/tmp/-/tmp-0.0.33.tgz",
			"integrity": "sha512-jRCJlojKnZ3addtTOjdIqoRuPEKBvNXcGYqzO6zWZX8KfKEpnGY5jfggJQ3EjKuu8D4bJRr0y+cYJFmYbImXGw==",
			"requires": {
				"os-tmpdir": "~1.0.2"
			}
		},
		"to-buffer": {
			"version": "1.1.1",
			"resolved": "https://registry.npmjs.org/to-buffer/-/to-buffer-1.1.1.tgz",
			"integrity": "sha512-lx9B5iv7msuFYE3dytT+KE5tap+rNYw+K4jVkb9R/asAb+pbBSM17jtunHplhBe6RRJdZx3Pn2Jph24O32mOVg=="
		},
		"tslib": {
			"version": "1.10.0",
			"resolved": "https://registry.npmjs.org/tslib/-/tslib-1.10.0.tgz",
			"integrity": "sha512-qOebF53frne81cf0S9B41ByenJ3/IuH8yJKngAX35CmiZySA0khhkovshKK+jGCaMnVomla7gVlIcc3EvKPbTQ=="
		},
		"tunnel-agent": {
			"version": "0.6.0",
			"resolved": "https://registry.npmjs.org/tunnel-agent/-/tunnel-agent-0.6.0.tgz",
			"integrity": "sha1-J6XeoGs2sEoKmWZ3SykIaPD8QP0=",
			"requires": {
				"safe-buffer": "^5.0.1"
			}
		},
		"typical": {
			"version": "2.6.1",
			"resolved": "https://registry.npmjs.org/typical/-/typical-2.6.1.tgz",
			"integrity": "sha1-XAgOXWYcu+OCWdLnCjxyU+hziB0="
		},
		"unbzip2-stream": {
			"version": "1.3.3",
			"resolved": "https://registry.npmjs.org/unbzip2-stream/-/unbzip2-stream-1.3.3.tgz",
			"integrity": "sha512-fUlAF7U9Ah1Q6EieQ4x4zLNejrRvDWUYmxXUpN3uziFYCHapjWFaCAnreY9bGgxzaMCFAPPpYNng57CypwJVhg==",
			"requires": {
				"buffer": "^5.2.1",
				"through": "^2.3.8"
			}
		},
		"util-deprecate": {
			"version": "1.0.2",
			"resolved": "https://registry.npmjs.org/util-deprecate/-/util-deprecate-1.0.2.tgz",
			"integrity": "sha1-RQ1Nyfpw3nMnYvvS1KKJgUGaDM8="
		},
		"which-pm-runs": {
			"version": "1.0.0",
			"resolved": "https://registry.npmjs.org/which-pm-runs/-/which-pm-runs-1.0.0.tgz",
			"integrity": "sha1-Zws6+8VS4LVd9rd4DKdGFfI60cs="
		},
		"wide-align": {
			"version": "1.1.3",
			"resolved": "https://registry.npmjs.org/wide-align/-/wide-align-1.1.3.tgz",
			"integrity": "sha512-QGkOQc8XL6Bt5PwnsExKBPuMKBxnGxWWW3fU55Xt4feHozMUhdUMaBCk290qpm/wG5u/RSKzwdAC4i51YigihA==",
			"requires": {
				"string-width": "^1.0.2 || 2"
			}
		},
		"wrappy": {
			"version": "1.0.2",
			"resolved": "https://registry.npmjs.org/wrappy/-/wrappy-1.0.2.tgz",
			"integrity": "sha1-tSQ9jz7BqjXxNkYFvA0QNuMKtp8="
		},
		"xtend": {
			"version": "4.0.2",
			"resolved": "https://registry.npmjs.org/xtend/-/xtend-4.0.2.tgz",
			"integrity": "sha512-LKYU1iAXJXUgAXn9URjiu+MWhyUXHsvfp7mcuYm9dSUKK0/CjtrUwFAxD82/mCWbtLsGjFIad0wIsod4zrTAEQ=="
		},
		"yauzl": {
			"version": "2.10.0",
			"resolved": "https://registry.npmjs.org/yauzl/-/yauzl-2.10.0.tgz",
			"integrity": "sha1-x+sXyT4RLLEIb6bY5R+wZnt5pfk=",
			"requires": {
				"buffer-crc32": "~0.2.3",
				"fd-slicer": "~1.1.0"
			}
		}
	}
}
