{
	"requires": true,
	"lockfileVersion": 1,
	"dependencies": {
		"7zip": {
			"version": "0.0.6",
			"resolved": "https://registry.npmjs.org/7zip/-/7zip-0.0.6.tgz",
			"integrity": "sha1-nK+xca+CMpSQNTtIFvAzR6oVCjA="
		},
		"@types/decompress": {
			"version": "4.2.0",
			"resolved": "https://registry.npmjs.org/@types/decompress/-/decompress-4.2.0.tgz",
			"integrity": "sha512-f7bLkRy09Z+1kid9ylcWMRlJrEWe4ceqtoGvlFQ/hnxL7WIr+AEy5Bv8SCIRDm8FLqTv4VF+hTUCpSd7rHgtkQ==",
			"requires": {
				"@types/node": "8.0.33"
			}
		},
		"@types/node": {
			"version": "8.0.33",
			"resolved": "https://registry.npmjs.org/@types/node/-/node-8.0.33.tgz",
			"integrity": "sha512-vmCdO8Bm1ExT+FWfC9sd9r4jwqM7o97gGy2WBshkkXbf/2nLAJQUrZfIhw27yVOtLUev6kSZc4cav/46KbDd8A=="
		},
		"@types/tmp": {
			"version": "0.0.33",
			"resolved": "https://registry.npmjs.org/@types/tmp/-/tmp-0.0.33.tgz",
			"integrity": "sha1-EHPEvIJHVK49EM+riKsCN7qWTk0="
		},
		"array-back": {
			"version": "2.0.0",
			"resolved": "https://registry.npmjs.org/array-back/-/array-back-2.0.0.tgz",
			"integrity": "sha512-eJv4pLLufP3g5kcZry0j6WXpIbzYw9GUB4mVJZno9wfwiBxbizTnHCw3VJb07cBihbFX48Y7oSrW9y+gt4glyw==",
			"requires": {
				"typical": "2.6.1"
			}
		},
		"balanced-match": {
			"version": "1.0.0",
			"resolved": "https://registry.npmjs.org/balanced-match/-/balanced-match-1.0.0.tgz",
			"integrity": "sha1-ibTRmasr7kneFk6gK4nORi1xt2c="
		},
		"base64-js": {
			"version": "0.0.8",
			"resolved": "https://registry.npmjs.org/base64-js/-/base64-js-0.0.8.tgz",
			"integrity": "sha1-EQHpVE9KdrG8OybUUsqW16NeeXg="
		},
		"bl": {
			"version": "1.2.2",
			"resolved": "https://registry.npmjs.org/bl/-/bl-1.2.2.tgz",
			"integrity": "sha512-e8tQYnZodmebYDWGH7KMRvtzKXaJHx3BbilrgZCfvyLUYdKpK1t5PSPmpkny/SgiTSCnjfLW7v5rlONXVFkQEA==",
			"requires": {
				"readable-stream": "2.3.6",
				"safe-buffer": "5.1.1"
			}
		},
		"brace-expansion": {
			"version": "1.1.11",
			"resolved": "https://registry.npmjs.org/brace-expansion/-/brace-expansion-1.1.11.tgz",
			"integrity": "sha512-iCuPHDFgrHX7H2vEI/5xpz07zSHB00TpugqhmYtVmMO6518mCuRMoOYFldEBl0g187ufozdaHgWKcYFb61qGiA==",
			"requires": {
				"balanced-match": "1.0.0",
				"concat-map": "0.0.1"
			}
		},
		"buffer": {
			"version": "3.6.0",
			"resolved": "https://registry.npmjs.org/buffer/-/buffer-3.6.0.tgz",
			"integrity": "sha1-pyyTb3e5a/UvX357RnGAYoVR3vs=",
			"requires": {
				"base64-js": "0.0.8",
				"ieee754": "1.1.11",
				"isarray": "1.0.0"
			}
		},
		"buffer-crc32": {
			"version": "0.2.13",
			"resolved": "https://registry.npmjs.org/buffer-crc32/-/buffer-crc32-0.2.13.tgz",
			"integrity": "sha1-DTM+PwDqxQqhRUq9MO+MKl2ackI="
		},
		"command-line-args": {
			"version": "4.0.7",
			"resolved": "https://registry.npmjs.org/command-line-args/-/command-line-args-4.0.7.tgz",
			"integrity": "sha512-aUdPvQRAyBvQd2n7jXcsMDz68ckBJELXNzBybCHOibUWEg0mWTnaYCSRU8h9R+aNRSvDihJtssSRCiDRpLaezA==",
			"requires": {
				"array-back": "2.0.0",
				"find-replace": "1.0.3",
				"typical": "2.6.1"
			}
		},
		"commander": {
			"version": "2.8.1",
			"resolved": "https://registry.npmjs.org/commander/-/commander-2.8.1.tgz",
			"integrity": "sha1-Br42f+v9oMMwqh4qBy09yXYkJdQ=",
			"requires": {
				"graceful-readlink": "1.0.1"
			}
		},
		"concat-map": {
			"version": "0.0.1",
			"resolved": "https://registry.npmjs.org/concat-map/-/concat-map-0.0.1.tgz",
			"integrity": "sha1-2Klr13/Wjfd5OnMDajug1UBdR3s="
		},
		"core-util-is": {
			"version": "1.0.2",
			"resolved": "https://registry.npmjs.org/core-util-is/-/core-util-is-1.0.2.tgz",
			"integrity": "sha1-tf1UIgqivFq1eqtxQMlAdUUDwac="
		},
		"cross-unzip": {
			"version": "0.0.2",
			"resolved": "https://registry.npmjs.org/cross-unzip/-/cross-unzip-0.0.2.tgz",
			"integrity": "sha1-UYO8R6CVWb78+YzEZXlkmZNZNy8="
		},
		"decompress": {
			"version": "4.2.0",
			"resolved": "https://registry.npmjs.org/decompress/-/decompress-4.2.0.tgz",
			"integrity": "sha1-eu3YVCflqS2s/lVnSnxQXpbQH50=",
			"requires": {
				"decompress-tar": "4.1.1",
				"decompress-tarbz2": "4.1.1",
				"decompress-targz": "4.1.1",
				"decompress-unzip": "4.0.1",
				"graceful-fs": "4.1.11",
				"make-dir": "1.2.0",
				"pify": "2.3.0",
				"strip-dirs": "2.1.0"
			}
		},
		"decompress-bzip2": {
			"version": "4.0.0",
			"resolved": "https://registry.npmjs.org/decompress-bzip2/-/decompress-bzip2-4.0.0.tgz",
			"integrity": "sha1-0SVMlJ4F6vYol1QoawY/3Hz/AT8=",
			"requires": {
				"file-type": "4.4.0",
				"seek-bzip": "1.0.5"
			},
			"dependencies": {
				"file-type": {
					"version": "4.4.0",
					"resolved": "https://registry.npmjs.org/file-type/-/file-type-4.4.0.tgz",
					"integrity": "sha1-G2AOX8ofvcboDApwxxyNul95BsU="
				}
			}
		},
		"decompress-tar": {
			"version": "4.1.1",
			"resolved": "https://registry.npmjs.org/decompress-tar/-/decompress-tar-4.1.1.tgz",
			"integrity": "sha512-JdJMaCrGpB5fESVyxwpCx4Jdj2AagLmv3y58Qy4GE6HMVjWz1FeVQk1Ct4Kye7PftcdOo/7U7UKzYBJgqnGeUQ==",
			"requires": {
				"file-type": "5.2.0",
				"is-stream": "1.1.0",
				"tar-stream": "1.5.5"
			}
		},
		"decompress-tarbz2": {
			"version": "4.1.1",
			"resolved": "https://registry.npmjs.org/decompress-tarbz2/-/decompress-tarbz2-4.1.1.tgz",
			"integrity": "sha512-s88xLzf1r81ICXLAVQVzaN6ZmX4A6U4z2nMbOwobxkLoIIfjVMBg7TeguTUXkKeXni795B6y5rnvDw7rxhAq9A==",
			"requires": {
				"decompress-tar": "4.1.1",
				"file-type": "6.2.0",
				"is-stream": "1.1.0",
				"seek-bzip": "1.0.5",
				"unbzip2-stream": "1.2.5"
			},
			"dependencies": {
				"file-type": {
					"version": "6.2.0",
					"resolved": "https://registry.npmjs.org/file-type/-/file-type-6.2.0.tgz",
					"integrity": "sha512-YPcTBDV+2Tm0VqjybVd32MHdlEGAtuxS3VAYsumFokDSMG+ROT5wawGlnHDoz7bfMcMDt9hxuXvXwoKUx2fkOg=="
				}
			}
		},
		"decompress-targz": {
			"version": "4.1.1",
			"resolved": "https://registry.npmjs.org/decompress-targz/-/decompress-targz-4.1.1.tgz",
			"integrity": "sha512-4z81Znfr6chWnRDNfFNqLwPvm4db3WuZkqV+UgXQzSngG3CEKdBkw5jrv3axjjL96glyiiKjsxJG3X6WBZwX3w==",
			"requires": {
				"decompress-tar": "4.1.1",
				"file-type": "5.2.0",
				"is-stream": "1.1.0"
			}
		},
		"decompress-unzip": {
			"version": "4.0.1",
			"resolved": "https://registry.npmjs.org/decompress-unzip/-/decompress-unzip-4.0.1.tgz",
			"integrity": "sha1-3qrM39FK6vhVePczroIQ+bSEj2k=",
			"requires": {
				"file-type": "3.9.0",
				"get-stream": "2.3.1",
				"pify": "2.3.0",
				"yauzl": "2.9.1"
			},
			"dependencies": {
				"file-type": {
					"version": "3.9.0",
					"resolved": "https://registry.npmjs.org/file-type/-/file-type-3.9.0.tgz",
					"integrity": "sha1-JXoHg4TR24CHvESdEH1SpSZyuek="
				}
			}
		},
		"electron-devtools-installer": {
			"version": "2.2.3",
			"resolved": "https://registry.npmjs.org/electron-devtools-installer/-/electron-devtools-installer-2.2.3.tgz",
			"integrity": "sha512-KFVP2lt3guvhXsUKE3YxbddMOJtpdvTsWfloV/8395Df5Td9Z+YvNl8LFW864mVqdDJsiy2qQ8y95NT5C+avSA==",
			"requires": {
				"7zip": "0.0.6",
				"cross-unzip": "0.0.2",
				"rimraf": "2.6.2",
				"semver": "5.5.0"
			}
		},
		"end-of-stream": {
			"version": "1.4.1",
			"resolved": "https://registry.npmjs.org/end-of-stream/-/end-of-stream-1.4.1.tgz",
			"integrity": "sha512-1MkrZNvWTKCaigbn+W15elq2BB/L22nqrSY5DKlo3X6+vclJm8Bb5djXJBmEX6fS3+zCh/F4VBK5Z2KxJt4s2Q==",
			"requires": {
				"once": "1.4.0"
			}
		},
		"fd-slicer": {
			"version": "1.0.1",
			"resolved": "https://registry.npmjs.org/fd-slicer/-/fd-slicer-1.0.1.tgz",
			"integrity": "sha1-i1vL2ewyfFBBv5qwI/1nUPEXfmU=",
			"requires": {
				"pend": "1.2.0"
			}
		},
		"file-type": {
			"version": "5.2.0",
			"resolved": "https://registry.npmjs.org/file-type/-/file-type-5.2.0.tgz",
			"integrity": "sha1-LdvqfHP/42No365J3DOMBYwritY="
		},
		"find-replace": {
			"version": "1.0.3",
			"resolved": "https://registry.npmjs.org/find-replace/-/find-replace-1.0.3.tgz",
			"integrity": "sha1-uI5zZNLZyVlVnziMZmcNYTBEH6A=",
			"requires": {
				"array-back": "1.0.4",
				"test-value": "2.1.0"
			},
			"dependencies": {
				"array-back": {
					"version": "1.0.4",
					"resolved": "https://registry.npmjs.org/array-back/-/array-back-1.0.4.tgz",
					"integrity": "sha1-ZEun8JX3/898Q7Xw3DnTwfA8Bjs=",
					"requires": {
						"typical": "2.6.1"
					}
				}
			}
		},
		"fs.realpath": {
			"version": "1.0.0",
			"resolved": "https://registry.npmjs.org/fs.realpath/-/fs.realpath-1.0.0.tgz",
			"integrity": "sha1-FQStJSMVjKpA20onh8sBQRmU6k8="
		},
		"get-stream": {
			"version": "2.3.1",
			"resolved": "https://registry.npmjs.org/get-stream/-/get-stream-2.3.1.tgz",
			"integrity": "sha1-Xzj5PzRgCWZu4BUKBUFn+Rvdld4=",
			"requires": {
				"object-assign": "4.1.1",
				"pinkie-promise": "2.0.1"
			}
		},
		"glob": {
			"version": "7.1.2",
			"resolved": "https://registry.npmjs.org/glob/-/glob-7.1.2.tgz",
			"integrity": "sha512-MJTUg1kjuLeQCJ+ccE4Vpa6kKVXkPYJ2mOCQyUuKLcLQsdrMCpBPUi8qVE6+YuaJkozeA9NusTAw3hLr8Xe5EQ==",
			"requires": {
				"fs.realpath": "1.0.0",
				"inflight": "1.0.6",
				"inherits": "2.0.3",
				"minimatch": "3.0.4",
				"once": "1.4.0",
				"path-is-absolute": "1.0.1"
			}
		},
		"graceful-fs": {
			"version": "4.1.11",
			"resolved": "https://registry.npmjs.org/graceful-fs/-/graceful-fs-4.1.11.tgz",
			"integrity": "sha1-Dovf5NHduIVNZOBOp8AOKgJuVlg="
		},
		"graceful-readlink": {
			"version": "1.0.1",
			"resolved": "https://registry.npmjs.org/graceful-readlink/-/graceful-readlink-1.0.1.tgz",
			"integrity": "sha1-TK+tdrxi8C+gObL5Tpo906ORpyU="
		},
		"ieee754": {
			"version": "1.1.11",
			"resolved": "https://registry.npmjs.org/ieee754/-/ieee754-1.1.11.tgz",
			"integrity": "sha512-VhDzCKN7K8ufStx/CLj5/PDTMgph+qwN5Pkd5i0sGnVwk56zJ0lkT8Qzi1xqWLS0Wp29DgDtNeS7v8/wMoZeHg=="
		},
		"inflight": {
			"version": "1.0.6",
			"resolved": "https://registry.npmjs.org/inflight/-/inflight-1.0.6.tgz",
			"integrity": "sha1-Sb1jMdfQLQwJvJEKEHW6gWW1bfk=",
			"requires": {
				"once": "1.4.0",
				"wrappy": "1.0.2"
			}
		},
		"inherits": {
			"version": "2.0.3",
			"resolved": "https://registry.npmjs.org/inherits/-/inherits-2.0.3.tgz",
			"integrity": "sha1-Yzwsg+PaQqUC9SRmAiSA9CCCYd4="
		},
		"is-natural-number": {
			"version": "4.0.1",
			"resolved": "https://registry.npmjs.org/is-natural-number/-/is-natural-number-4.0.1.tgz",
			"integrity": "sha1-q5124dtM7VHjXeDHLr7PCfc0zeg="
		},
		"is-stream": {
			"version": "1.1.0",
			"resolved": "https://registry.npmjs.org/is-stream/-/is-stream-1.1.0.tgz",
			"integrity": "sha1-EtSj3U5o4Lec6428hBc66A2RykQ="
		},
		"isarray": {
			"version": "1.0.0",
			"resolved": "https://registry.npmjs.org/isarray/-/isarray-1.0.0.tgz",
			"integrity": "sha1-u5NdSFgsuhaMBoNJV6VKPgcSTxE="
		},
		"make-dir": {
			"version": "1.2.0",
			"resolved": "https://registry.npmjs.org/make-dir/-/make-dir-1.2.0.tgz",
			"integrity": "sha512-aNUAa4UMg/UougV25bbrU4ZaaKNjJ/3/xnvg/twpmKROPdKZPZ9wGgI0opdZzO8q/zUFawoUuixuOv33eZ61Iw==",
			"requires": {
				"pify": "3.0.0"
			},
			"dependencies": {
				"pify": {
					"version": "3.0.0",
					"resolved": "https://registry.npmjs.org/pify/-/pify-3.0.0.tgz",
					"integrity": "sha1-5aSs0sEB/fPZpNB/DbxNtJ3SgXY="
				}
			}
		},
		"minimatch": {
			"version": "3.0.4",
			"resolved": "https://registry.npmjs.org/minimatch/-/minimatch-3.0.4.tgz",
			"integrity": "sha512-yJHVQEhyqPLUTgt9B83PXu6W3rx4MvvHvSUvToogpwoGDOUQ+yDrR0HRot+yOCdCO7u4hX3pWft6kWBBcqh0UA==",
			"requires": {
				"brace-expansion": "1.1.11"
			}
		},
		"nan": {
			"version": "2.10.0",
			"resolved": "https://registry.npmjs.org/nan/-/nan-2.10.0.tgz",
			"integrity": "sha512-bAdJv7fBLhWC+/Bls0Oza+mvTaNQtP+1RyhhhvD95pgUJz6XM5IzgmxOkItJ9tkoCiplvAnXI1tNmmUD/eScyA=="
		},
		"node-hid": {
			"version": "0.5.4",
			"resolved": "https://registry.npmjs.org/node-hid/-/node-hid-0.5.4.tgz",
			"integrity": "sha1-pyRt/AjVJ3QUf6JkNU1dpuq0AlM=",
			"requires": {
				"nan": "2.10.0",
				"node-pre-gyp": "0.6.31"
			},
			"dependencies": {
				"abbrev": {
					"version": "1.0.9",
					"bundled": true
				},
				"ansi-regex": {
					"version": "2.1.1",
					"bundled": true
				},
				"ansi-styles": {
					"version": "2.2.1",
					"bundled": true
				},
				"aproba": {
					"version": "1.0.4",
					"bundled": true
				},
				"are-we-there-yet": {
					"version": "1.1.2",
					"bundled": true,
					"requires": {
						"delegates": "1.0.0",
						"readable-stream": "2.2.2"
					}
				},
				"asn1": {
					"version": "0.2.3",
					"bundled": true
				},
				"assert-plus": {
					"version": "0.2.0",
					"bundled": true
				},
				"asynckit": {
					"version": "0.4.0",
					"bundled": true
				},
				"aws-sign2": {
					"version": "0.6.0",
					"bundled": true
				},
				"aws4": {
					"version": "1.5.0",
					"bundled": true
				},
				"balanced-match": {
					"version": "0.4.2",
					"bundled": true
				},
				"bcrypt-pbkdf": {
					"version": "1.0.0",
					"bundled": true,
					"optional": true,
					"requires": {
						"tweetnacl": "0.14.5"
					}
				},
				"block-stream": {
					"version": "0.0.9",
					"bundled": true,
					"requires": {
						"inherits": "2.0.3"
					}
				},
				"boom": {
					"version": "2.10.1",
					"bundled": true,
					"requires": {
						"hoek": "2.16.3"
					}
				},
				"brace-expansion": {
					"version": "1.1.6",
					"bundled": true,
					"requires": {
						"balanced-match": "0.4.2",
						"concat-map": "0.0.1"
					}
				},
				"buffer-shims": {
					"version": "1.0.0",
					"bundled": true
				},
				"caseless": {
					"version": "0.11.0",
					"bundled": true
				},
				"chalk": {
					"version": "1.1.3",
					"bundled": true,
					"requires": {
						"ansi-styles": "2.2.1",
						"escape-string-regexp": "1.0.5",
						"has-ansi": "2.0.0",
						"strip-ansi": "3.0.1",
						"supports-color": "2.0.0"
					},
					"dependencies": {
						"supports-color": {
							"version": "2.0.0",
							"bundled": true
						}
					}
				},
				"code-point-at": {
					"version": "1.1.0",
					"bundled": true
				},
				"combined-stream": {
					"version": "1.0.5",
					"bundled": true,
					"requires": {
						"delayed-stream": "1.0.0"
					}
				},
				"commander": {
					"version": "2.9.0",
					"bundled": true,
					"requires": {
						"graceful-readlink": "1.0.1"
					}
				},
				"concat-map": {
					"version": "0.0.1",
					"bundled": true
				},
				"console-control-strings": {
					"version": "1.1.0",
					"bundled": true
				},
				"core-util-is": {
					"version": "1.0.2",
					"bundled": true
				},
				"cryptiles": {
					"version": "2.0.5",
					"bundled": true,
					"requires": {
						"boom": "2.10.1"
					}
				},
				"dashdash": {
					"version": "1.14.1",
					"bundled": true,
					"requires": {
						"assert-plus": "1.0.0"
					},
					"dependencies": {
						"assert-plus": {
							"version": "1.0.0",
							"bundled": true
						}
					}
				},
				"debug": {
					"version": "2.2.0",
					"bundled": true,
					"requires": {
						"ms": "0.7.1"
					}
				},
				"deep-extend": {
					"version": "0.4.1",
					"bundled": true
				},
				"delayed-stream": {
					"version": "1.0.0",
					"bundled": true
				},
				"delegates": {
					"version": "1.0.0",
					"bundled": true
				},
				"ecc-jsbn": {
					"version": "0.1.1",
					"bundled": true,
					"optional": true,
					"requires": {
						"jsbn": "0.1.0"
					}
				},
				"escape-string-regexp": {
					"version": "1.0.5",
					"bundled": true
				},
				"extend": {
					"version": "3.0.0",
					"bundled": true
				},
				"extsprintf": {
					"version": "1.0.2",
					"bundled": true
				},
				"forever-agent": {
					"version": "0.6.1",
					"bundled": true
				},
				"form-data": {
					"version": "2.1.2",
					"bundled": true,
					"requires": {
						"asynckit": "0.4.0",
						"combined-stream": "1.0.5",
						"mime-types": "2.1.14"
					}
				},
				"fs.realpath": {
					"version": "1.0.0",
					"bundled": true
				},
				"fstream": {
					"version": "1.0.10",
					"bundled": true,
					"requires": {
						"graceful-fs": "4.1.11",
						"inherits": "2.0.3",
						"mkdirp": "0.5.1",
						"rimraf": "2.5.4"
					}
				},
				"fstream-ignore": {
					"version": "1.0.5",
					"bundled": true,
					"requires": {
						"fstream": "1.0.10",
						"inherits": "2.0.3",
						"minimatch": "3.0.3"
					}
				},
				"gauge": {
					"version": "2.7.2",
					"bundled": true,
					"requires": {
						"aproba": "1.0.4",
						"console-control-strings": "1.1.0",
						"has-unicode": "2.0.1",
						"object-assign": "4.1.0",
						"signal-exit": "3.0.2",
						"string-width": "1.0.2",
						"strip-ansi": "3.0.1",
						"supports-color": "0.2.0",
						"wide-align": "1.1.0"
					}
				},
				"generate-function": {
					"version": "2.0.0",
					"bundled": true
				},
				"generate-object-property": {
					"version": "1.2.0",
					"bundled": true,
					"requires": {
						"is-property": "1.0.2"
					}
				},
				"getpass": {
					"version": "0.1.6",
					"bundled": true,
					"requires": {
						"assert-plus": "1.0.0"
					},
					"dependencies": {
						"assert-plus": {
							"version": "1.0.0",
							"bundled": true
						}
					}
				},
				"glob": {
					"version": "7.1.1",
					"bundled": true,
					"requires": {
						"fs.realpath": "1.0.0",
						"inflight": "1.0.6",
						"inherits": "2.0.3",
						"minimatch": "3.0.3",
						"once": "1.4.0",
						"path-is-absolute": "1.0.1"
					}
				},
				"graceful-fs": {
					"version": "4.1.11",
					"bundled": true
				},
				"graceful-readlink": {
					"version": "1.0.1",
					"bundled": true
				},
				"har-validator": {
					"version": "2.0.6",
					"bundled": true,
					"requires": {
						"chalk": "1.1.3",
						"commander": "2.9.0",
						"is-my-json-valid": "2.15.0",
						"pinkie-promise": "2.0.1"
					}
				},
				"has-ansi": {
					"version": "2.0.0",
					"bundled": true,
					"requires": {
						"ansi-regex": "2.1.1"
					}
				},
				"has-unicode": {
					"version": "2.0.1",
					"bundled": true
				},
				"hawk": {
					"version": "3.1.3",
					"bundled": true,
					"requires": {
						"boom": "2.10.1",
						"cryptiles": "2.0.5",
						"hoek": "2.16.3",
						"sntp": "1.0.9"
					}
				},
				"hoek": {
					"version": "2.16.3",
					"bundled": true
				},
				"http-signature": {
					"version": "1.1.1",
					"bundled": true,
					"requires": {
						"assert-plus": "0.2.0",
						"jsprim": "1.3.1",
						"sshpk": "1.10.2"
					}
				},
				"inflight": {
					"version": "1.0.6",
					"bundled": true,
					"requires": {
						"once": "1.4.0",
						"wrappy": "1.0.2"
					}
				},
				"inherits": {
					"version": "2.0.3",
					"bundled": true
				},
				"ini": {
					"version": "1.3.4",
					"bundled": true
				},
				"is-fullwidth-code-point": {
					"version": "1.0.0",
					"bundled": true,
					"requires": {
						"number-is-nan": "1.0.1"
					}
				},
				"is-my-json-valid": {
					"version": "2.15.0",
					"bundled": true,
					"requires": {
						"generate-function": "2.0.0",
						"generate-object-property": "1.2.0",
						"jsonpointer": "4.0.1",
						"xtend": "4.0.1"
					}
				},
				"is-property": {
					"version": "1.0.2",
					"bundled": true
				},
				"is-typedarray": {
					"version": "1.0.0",
					"bundled": true
				},
				"isarray": {
					"version": "1.0.0",
					"bundled": true
				},
				"isstream": {
					"version": "0.1.2",
					"bundled": true
				},
				"jodid25519": {
					"version": "1.0.2",
					"bundled": true,
					"optional": true,
					"requires": {
						"jsbn": "0.1.0"
					}
				},
				"jsbn": {
					"version": "0.1.0",
					"bundled": true,
					"optional": true
				},
				"json-schema": {
					"version": "0.2.3",
					"bundled": true
				},
				"json-stringify-safe": {
					"version": "5.0.1",
					"bundled": true
				},
				"jsonpointer": {
					"version": "4.0.1",
					"bundled": true
				},
				"jsprim": {
					"version": "1.3.1",
					"bundled": true,
					"requires": {
						"extsprintf": "1.0.2",
						"json-schema": "0.2.3",
						"verror": "1.3.6"
					}
				},
				"mime-db": {
					"version": "1.26.0",
					"bundled": true
				},
				"mime-types": {
					"version": "2.1.14",
					"bundled": true,
					"requires": {
						"mime-db": "1.26.0"
					}
				},
				"minimatch": {
					"version": "3.0.3",
					"bundled": true,
					"requires": {
						"brace-expansion": "1.1.6"
					}
				},
				"minimist": {
					"version": "0.0.8",
					"bundled": true
				},
				"mkdirp": {
					"version": "0.5.1",
					"bundled": true,
					"requires": {
						"minimist": "0.0.8"
					}
				},
				"ms": {
					"version": "0.7.1",
					"bundled": true
				},
				"node-pre-gyp": {
					"version": "0.6.31",
					"bundled": true,
					"requires": {
						"mkdirp": "0.5.1",
						"nopt": "3.0.6",
						"npmlog": "4.0.2",
						"rc": "1.1.6",
						"request": "2.79.0",
						"rimraf": "2.5.4",
						"semver": "5.3.0",
						"tar": "2.2.1",
						"tar-pack": "3.3.0"
					}
				},
				"nopt": {
					"version": "3.0.6",
					"bundled": true,
					"requires": {
						"abbrev": "1.0.9"
					}
				},
				"npmlog": {
					"version": "4.0.2",
					"bundled": true,
					"requires": {
						"are-we-there-yet": "1.1.2",
						"console-control-strings": "1.1.0",
						"gauge": "2.7.2",
						"set-blocking": "2.0.0"
					}
				},
				"number-is-nan": {
					"version": "1.0.1",
					"bundled": true
				},
				"oauth-sign": {
					"version": "0.8.2",
					"bundled": true
				},
				"object-assign": {
					"version": "4.1.0",
					"bundled": true
				},
				"once": {
					"version": "1.4.0",
					"bundled": true,
					"requires": {
						"wrappy": "1.0.2"
					}
				},
				"path-is-absolute": {
					"version": "1.0.1",
					"bundled": true
				},
				"pinkie": {
					"version": "2.0.4",
					"bundled": true
				},
				"pinkie-promise": {
					"version": "2.0.1",
					"bundled": true,
					"requires": {
						"pinkie": "2.0.4"
					}
				},
				"process-nextick-args": {
					"version": "1.0.7",
					"bundled": true
				},
				"punycode": {
					"version": "1.4.1",
					"bundled": true
				},
				"qs": {
					"version": "6.3.0",
					"bundled": true
				},
				"rc": {
					"version": "1.1.6",
					"bundled": true,
					"requires": {
						"deep-extend": "0.4.1",
						"ini": "1.3.4",
						"minimist": "1.2.0",
						"strip-json-comments": "1.0.4"
					},
					"dependencies": {
						"minimist": {
							"version": "1.2.0",
							"bundled": true
						}
					}
				},
				"readable-stream": {
					"version": "2.2.2",
					"bundled": true,
					"requires": {
						"buffer-shims": "1.0.0",
						"core-util-is": "1.0.2",
						"inherits": "2.0.3",
						"isarray": "1.0.0",
						"process-nextick-args": "1.0.7",
						"string_decoder": "0.10.31",
						"util-deprecate": "1.0.2"
					}
				},
				"request": {
					"version": "2.79.0",
					"bundled": true,
					"requires": {
						"aws-sign2": "0.6.0",
						"aws4": "1.5.0",
						"caseless": "0.11.0",
						"combined-stream": "1.0.5",
						"extend": "3.0.0",
						"forever-agent": "0.6.1",
						"form-data": "2.1.2",
						"har-validator": "2.0.6",
						"hawk": "3.1.3",
						"http-signature": "1.1.1",
						"is-typedarray": "1.0.0",
						"isstream": "0.1.2",
						"json-stringify-safe": "5.0.1",
						"mime-types": "2.1.14",
						"oauth-sign": "0.8.2",
						"qs": "6.3.0",
						"stringstream": "0.0.5",
						"tough-cookie": "2.3.2",
						"tunnel-agent": "0.4.3",
						"uuid": "3.0.1"
					}
				},
				"rimraf": {
					"version": "2.5.4",
					"bundled": true,
					"requires": {
						"glob": "7.1.1"
					}
				},
				"semver": {
					"version": "5.3.0",
					"bundled": true
				},
				"set-blocking": {
					"version": "2.0.0",
					"bundled": true
				},
				"signal-exit": {
					"version": "3.0.2",
					"bundled": true
				},
				"sntp": {
					"version": "1.0.9",
					"bundled": true,
					"requires": {
						"hoek": "2.16.3"
					}
				},
				"sshpk": {
					"version": "1.10.2",
					"bundled": true,
					"requires": {
						"asn1": "0.2.3",
						"assert-plus": "1.0.0",
						"bcrypt-pbkdf": "1.0.0",
						"dashdash": "1.14.1",
						"ecc-jsbn": "0.1.1",
						"getpass": "0.1.6",
						"jodid25519": "1.0.2",
						"jsbn": "0.1.0",
						"tweetnacl": "0.14.5"
					},
					"dependencies": {
						"assert-plus": {
							"version": "1.0.0",
							"bundled": true
						}
					}
				},
				"string-width": {
					"version": "1.0.2",
					"bundled": true,
					"requires": {
						"code-point-at": "1.1.0",
						"is-fullwidth-code-point": "1.0.0",
						"strip-ansi": "3.0.1"
					}
				},
				"string_decoder": {
					"version": "0.10.31",
					"bundled": true
				},
				"stringstream": {
					"version": "0.0.5",
					"bundled": true
				},
				"strip-ansi": {
					"version": "3.0.1",
					"bundled": true,
					"requires": {
						"ansi-regex": "2.1.1"
					}
				},
				"strip-json-comments": {
					"version": "1.0.4",
					"bundled": true
				},
				"supports-color": {
					"version": "0.2.0",
					"bundled": true
				},
				"tar": {
					"version": "2.2.1",
					"bundled": true,
					"requires": {
						"block-stream": "0.0.9",
						"fstream": "1.0.10",
						"inherits": "2.0.3"
					}
				},
				"tar-pack": {
					"version": "3.3.0",
					"bundled": true,
					"requires": {
						"debug": "2.2.0",
						"fstream": "1.0.10",
						"fstream-ignore": "1.0.5",
						"once": "1.3.3",
						"readable-stream": "2.1.5",
						"rimraf": "2.5.4",
						"tar": "2.2.1",
						"uid-number": "0.0.6"
					},
					"dependencies": {
						"once": {
							"version": "1.3.3",
							"bundled": true,
							"requires": {
								"wrappy": "1.0.2"
							}
						},
						"readable-stream": {
							"version": "2.1.5",
							"bundled": true,
							"requires": {
								"buffer-shims": "1.0.0",
								"core-util-is": "1.0.2",
								"inherits": "2.0.3",
								"isarray": "1.0.0",
								"process-nextick-args": "1.0.7",
								"string_decoder": "0.10.31",
								"util-deprecate": "1.0.2"
							}
						}
					}
				},
				"tough-cookie": {
					"version": "2.3.2",
					"bundled": true,
					"requires": {
						"punycode": "1.4.1"
					}
				},
				"tunnel-agent": {
					"version": "0.4.3",
					"bundled": true
				},
				"tweetnacl": {
					"version": "0.14.5",
					"bundled": true,
					"optional": true
				},
				"uid-number": {
					"version": "0.0.6",
					"bundled": true
				},
				"util-deprecate": {
					"version": "1.0.2",
					"bundled": true
				},
				"uuid": {
					"version": "3.0.1",
					"bundled": true
				},
				"verror": {
					"version": "1.3.6",
					"bundled": true,
					"requires": {
						"extsprintf": "1.0.2"
					}
				},
				"wide-align": {
					"version": "1.1.0",
					"bundled": true,
					"requires": {
						"string-width": "1.0.2"
					}
				},
				"wrappy": {
					"version": "1.0.2",
					"bundled": true
				},
				"xtend": {
					"version": "4.0.1",
					"bundled": true
				}
			}
		},
		"object-assign": {
			"version": "4.1.1",
			"resolved": "https://registry.npmjs.org/object-assign/-/object-assign-4.1.1.tgz",
			"integrity": "sha1-IQmtx5ZYh8/AXLvUQsrIv7s2CGM="
		},
		"once": {
			"version": "1.4.0",
			"resolved": "https://registry.npmjs.org/once/-/once-1.4.0.tgz",
			"integrity": "sha1-WDsap3WWHUsROsF9nFC6753Xa9E=",
			"requires": {
				"wrappy": "1.0.2"
			}
		},
		"os-tmpdir": {
			"version": "1.0.2",
			"resolved": "https://registry.npmjs.org/os-tmpdir/-/os-tmpdir-1.0.2.tgz",
			"integrity": "sha1-u+Z0BseaqFxc/sdm/lc0VV36EnQ="
		},
		"path-is-absolute": {
			"version": "1.0.1",
			"resolved": "https://registry.npmjs.org/path-is-absolute/-/path-is-absolute-1.0.1.tgz",
			"integrity": "sha1-F0uSaHNVNP+8es5r9TpanhtcX18="
		},
		"pend": {
			"version": "1.2.0",
			"resolved": "https://registry.npmjs.org/pend/-/pend-1.2.0.tgz",
			"integrity": "sha1-elfrVQpng/kRUzH89GY9XI4AelA="
		},
		"pify": {
			"version": "2.3.0",
			"resolved": "https://registry.npmjs.org/pify/-/pify-2.3.0.tgz",
			"integrity": "sha1-7RQaasBDqEnqWISY59yosVMw6Qw="
		},
		"pinkie": {
			"version": "2.0.4",
			"resolved": "https://registry.npmjs.org/pinkie/-/pinkie-2.0.4.tgz",
			"integrity": "sha1-clVrgM+g1IqXToDnckjoDtT3+HA="
		},
		"pinkie-promise": {
			"version": "2.0.1",
			"resolved": "https://registry.npmjs.org/pinkie-promise/-/pinkie-promise-2.0.1.tgz",
			"integrity": "sha1-ITXW36ejWMBprJsXh3YogihFD/o=",
			"requires": {
				"pinkie": "2.0.4"
			}
		},
		"process-nextick-args": {
			"version": "2.0.0",
			"resolved": "https://registry.npmjs.org/process-nextick-args/-/process-nextick-args-2.0.0.tgz",
			"integrity": "sha512-MtEC1TqN0EU5nephaJ4rAtThHtC86dNN9qCuEhtshvpVBkAW5ZO7BASN9REnF9eoXGcRub+pFuKEpOHE+HbEMw=="
		},
		"readable-stream": {
			"version": "2.3.6",
			"resolved": "https://registry.npmjs.org/readable-stream/-/readable-stream-2.3.6.tgz",
			"integrity": "sha512-tQtKA9WIAhBF3+VLAseyMqZeBjW0AHJoxOtYqSUZNJxauErmLbVm2FW1y+J/YA9dUrAC39ITejlZWhVIwawkKw==",
			"requires": {
				"core-util-is": "1.0.2",
				"inherits": "2.0.3",
				"isarray": "1.0.0",
				"process-nextick-args": "2.0.0",
				"safe-buffer": "5.1.1",
				"string_decoder": "1.1.1",
				"util-deprecate": "1.0.2"
			}
		},
		"rimraf": {
			"version": "2.6.2",
			"resolved": "https://registry.npmjs.org/rimraf/-/rimraf-2.6.2.tgz",
			"integrity": "sha512-lreewLK/BlghmxtfH36YYVg1i8IAce4TI7oao75I1g245+6BctqTVQiBP3YUJ9C6DQOXJmkYR9X9fCLtCOJc5w==",
			"requires": {
				"glob": "7.1.2"
			}
		},
		"safe-buffer": {
			"version": "5.1.1",
			"resolved": "https://registry.npmjs.org/safe-buffer/-/safe-buffer-5.1.1.tgz",
			"integrity": "sha512-kKvNJn6Mm93gAczWVJg7wH+wGYWNrDHdWvpUmHyEsgCtIwwo3bqPtV4tR5tuPaUhTOo/kvhVwd8XwwOllGYkbg=="
		},
		"seek-bzip": {
			"version": "1.0.5",
			"resolved": "https://registry.npmjs.org/seek-bzip/-/seek-bzip-1.0.5.tgz",
			"integrity": "sha1-z+kXyz0nS8/6x5J1ivUxc+sfq9w=",
			"requires": {
				"commander": "2.8.1"
			}
		},
		"semver": {
			"version": "5.5.0",
			"resolved": "https://registry.npmjs.org/semver/-/semver-5.5.0.tgz",
			"integrity": "sha512-4SJ3dm0WAwWy/NVeioZh5AntkdJoWKxHxcmyP622fOkgHa4z3R0TdBJICINyaSDE6uNwVc8gZr+ZinwZAH4xIA=="
		},
		"string_decoder": {
			"version": "1.1.1",
			"resolved": "https://registry.npmjs.org/string_decoder/-/string_decoder-1.1.1.tgz",
			"integrity": "sha512-n/ShnvDi6FHbbVfviro+WojiFzv+s8MPMHBczVePfUpDJLwoLT0ht1l4YwBCbi8pJAveEEdnkHyPyTP/mzRfwg==",
			"requires": {
				"safe-buffer": "5.1.1"
			}
		},
		"strip-dirs": {
			"version": "2.1.0",
			"resolved": "https://registry.npmjs.org/strip-dirs/-/strip-dirs-2.1.0.tgz",
			"integrity": "sha512-JOCxOeKLm2CAS73y/U4ZeZPTkE+gNVCzKt7Eox84Iej1LT/2pTWYpZKJuxwQpvX1LiZb1xokNR7RLfuBAa7T3g==",
			"requires": {
				"is-natural-number": "4.0.1"
			}
		},
		"sudo-prompt": {
			"version": "7.0.0",
			"resolved": "https://registry.npmjs.org/sudo-prompt/-/sudo-prompt-7.0.0.tgz",
			"integrity": "sha1-2kFbc+BeKgf7/lQEAb/8eQxPfdk="
		},
		"tar-stream": {
			"version": "1.5.5",
			"resolved": "https://registry.npmjs.org/tar-stream/-/tar-stream-1.5.5.tgz",
			"integrity": "sha512-mQdgLPc/Vjfr3VWqWbfxW8yQNiJCbAZ+Gf6GDu1Cy0bdb33ofyiNGBtAY96jHFhDuivCwgW1H9DgTON+INiXgg==",
			"requires": {
				"bl": "1.2.2",
				"end-of-stream": "1.4.1",
				"readable-stream": "2.3.6",
				"xtend": "4.0.1"
			}
		},
		"test-value": {
			"version": "2.1.0",
			"resolved": "https://registry.npmjs.org/test-value/-/test-value-2.1.0.tgz",
			"integrity": "sha1-Edpv9nDzRxpztiXKTz/c97t0gpE=",
			"requires": {
				"array-back": "1.0.4",
				"typical": "2.6.1"
			},
			"dependencies": {
				"array-back": {
					"version": "1.0.4",
					"resolved": "https://registry.npmjs.org/array-back/-/array-back-1.0.4.tgz",
					"integrity": "sha1-ZEun8JX3/898Q7Xw3DnTwfA8Bjs=",
					"requires": {
						"typical": "2.6.1"
					}
				}
			}
		},
		"through": {
			"version": "2.3.8",
			"resolved": "https://registry.npmjs.org/through/-/through-2.3.8.tgz",
			"integrity": "sha1-DdTJ/6q8NXlgsbckEV1+Doai4fU="
		},
		"tmp": {
			"version": "0.0.33",
			"resolved": "https://registry.npmjs.org/tmp/-/tmp-0.0.33.tgz",
			"integrity": "sha512-jRCJlojKnZ3addtTOjdIqoRuPEKBvNXcGYqzO6zWZX8KfKEpnGY5jfggJQ3EjKuu8D4bJRr0y+cYJFmYbImXGw==",
			"requires": {
				"os-tmpdir": "1.0.2"
			}
		},
		"typical": {
			"version": "2.6.1",
			"resolved": "https://registry.npmjs.org/typical/-/typical-2.6.1.tgz",
			"integrity": "sha1-XAgOXWYcu+OCWdLnCjxyU+hziB0="
		},
		"unbzip2-stream": {
			"version": "1.2.5",
			"resolved": "https://registry.npmjs.org/unbzip2-stream/-/unbzip2-stream-1.2.5.tgz",
			"integrity": "sha512-izD3jxT8xkzwtXRUZjtmRwKnZoeECrfZ8ra/ketwOcusbZEp4mjULMnJOCfTDZBgGQAAY1AJ/IgxcwkavcX9Og==",
			"requires": {
				"buffer": "3.6.0",
				"through": "2.3.8"
			}
		},
		"util-deprecate": {
			"version": "1.0.2",
			"resolved": "https://registry.npmjs.org/util-deprecate/-/util-deprecate-1.0.2.tgz",
			"integrity": "sha1-RQ1Nyfpw3nMnYvvS1KKJgUGaDM8="
		},
		"wrappy": {
			"version": "1.0.2",
			"resolved": "https://registry.npmjs.org/wrappy/-/wrappy-1.0.2.tgz",
			"integrity": "sha1-tSQ9jz7BqjXxNkYFvA0QNuMKtp8="
		},
		"xtend": {
			"version": "4.0.1",
			"resolved": "https://registry.npmjs.org/xtend/-/xtend-4.0.1.tgz",
			"integrity": "sha1-pcbVMr5lbiPbgg77lDofBJmNY68="
		},
		"yauzl": {
			"version": "2.9.1",
			"resolved": "https://registry.npmjs.org/yauzl/-/yauzl-2.9.1.tgz",
			"integrity": "sha1-qBmB6nCleUYTOIPwKcWCGok1mn8=",
			"requires": {
				"buffer-crc32": "0.2.13",
				"fd-slicer": "1.0.1"
			}
		}
	}
}
